
Microsoft Visual Studio Solution File, Format Version 12.00
# Visual Studio Version 16
VisualStudioVersion = 16.0.33130.400
MinimumVisualStudioVersion = 10.0.40219.1
Project("{F184B08F-C81C-45F6-A57F-5ABD9991F28F}") = "payment_tracking", "payment_tracking\payment_tracking.vbproj", "{ADB8895F-65F6-4DAC-9780-60A7235895EF}"
EndProject
Global
	GlobalSection(SolutionConfigurationPlatforms) = preSolution
		Debug|Any CPU = Debug|Any CPU
		Release|Any CPU = Release|Any CPU
	EndGlobalSection
	GlobalSection(ProjectConfigurationPlatforms) = postSolution
		{ADB8895F-65F6-4DAC-9780-60A7235895EF}.Debug|Any CPU.ActiveCfg = Debug|Any CPU
		{ADB8895F-65F6-4DAC-9780-60A7235895EF}.Debug|Any CPU.Build.0 = Debug|Any CPU
		{ADB8895F-65F6-4DAC-9780-60A7235895EF}.Release|Any CPU.ActiveCfg = Release|Any CPU
		{ADB8895F-65F6-4DAC-9780-60A7235895EF}.Release|Any CPU.Build.0 = Release|Any CPU
	EndGlobalSection
	GlobalSection(SolutionProperties) = preSolution
		HideSolutionNode = FALSE
	EndGlobalSection
	GlobalSection(ExtensibilityGlobals) = postSolution
		SolutionGuid = {5CA8FFE9-352F-4702-A2F1-40BF0D5BCBE6}
	EndGlobalSection
EndGlobal
